
Microsoft Visual Studio Solution File, Format Version 12.00
# Visual Studio Version 16
VisualStudioVersion = 16.0.32106.194
MinimumVisualStudioVersion = 10.0.40219.1
Project("{FAE04EC0-301F-11D3-BF4B-00C04F79EFBC}") = "testApp", "testApp\testApp.csproj", "{527EA435-6CFC-4A32-9F7E-4FB3AE99EA7C}"
EndProject
Global
	GlobalSection(SolutionConfigurationPlatforms) = preSolution
		Debug|Any CPU = Debug|Any CPU
		Release|Any CPU = Release|Any CPU
	EndGlobalSection
	GlobalSection(ProjectConfigurationPlatforms) = postSolution
		{527EA435-6CFC-4A32-9F7E-4FB3AE99EA7C}.Debug|Any CPU.ActiveCfg = Debug|Any CPU
		{527EA435-6CFC-4A32-9F7E-4FB3AE99EA7C}.Debug|Any CPU.Build.0 = Debug|Any CPU
		{527EA435-6CFC-4A32-9F7E-4FB3AE99EA7C}.Release|Any CPU.ActiveCfg = Release|Any CPU
		{527EA435-6CFC-4A32-9F7E-4FB3AE99EA7C}.Release|Any CPU.Build.0 = Release|Any CPU
	EndGlobalSection
	GlobalSection(SolutionProperties) = preSolution
		HideSolutionNode = FALSE
	EndGlobalSection
	GlobalSection(ExtensibilityGlobals) = postSolution
		SolutionGuid = {7F877A5F-7B06-45EA-B17C-0EBDACDE1B0D}
	EndGlobalSection
EndGlobal
